{
  "version": 4,
  "terraform_version": "1.7.0",
  "serial": 10,
  "lineage": "4d706102-c23e-267c-8c6d-3a2aec0e37a8",
  "outputs": {},
  "resources": [
    {
      "mode": "managed",
      "type": "local_file",
      "name": "file1",
      "provider": "provider[\"registry.terraform.io/hashicorp/local\"]",
      "instances": [
        {
          "schema_version": 0,
          "attributes": {
            "content": "The value of number variable =100 ",
            "content_base64": null,
            "content_base64sha256": "hKOC3kZ6Wox3nPxWwKJ4atoKwhfIy6xgJ+lJBAoNqIw=",
            "content_base64sha512": "OispNmvBKCBbhhjfsyakCFC3e/pnbxeYjk9v0q1IyTrZw1i3enOk5WBi2pZh0MuL12B3eMK6jJA7qEWVrhRPfA==",
            "content_md5": "e4e99440cbd2b455989a74167b8aa145",
            "content_sha1": "2432aef124a53112e724081451a2b76ff7c46974",
            "content_sha256": "84a382de467a5a8c779cfc56c0a2786ada0ac217c8cbac6027e949040a0da88c",
            "content_sha512": "3a2b29366bc128205b8618dfb326a40850b77bfa676f17988e4f6fd2ad48c93ad9c358b77a73a4e56062da9661d0cb8bd7607778c2ba8c903ba84595ae144f7c",
            "directory_permission": "0777",
            "file_permission": "0777",
            "filename": "./dir1/file1.txt",
            "id": "2432aef124a53112e724081451a2b76ff7c46974",
            "sensitive_content": null,
            "source": null
          },
          "sensitive_attributes": []
        }
      ]
    },
    {
      "mode": "managed",
      "type": "local_file",
      "name": "file2",
      "provider": "provider[\"registry.terraform.io/hashicorp/local\"]",
      "instances": [
        {
          "schema_version": 0,
          "attributes": {
            "content": "This is the content of the file 2",
            "content_base64": null,
            "content_base64sha256": "6F1b4uW0XJdhRSi9heISD/ZYF7S9rHEwLDw+mtuk/AQ=",
            "content_base64sha512": "e5iiwCBqaiydlU5Cs8VMKbey52GjOyg0OO26B8LRNBJdiPdjRLVe+gMoJFGC7S1m/quycpgbbXc+1sz7KI7IsA==",
            "content_md5": "f67bef1023524cb01fda9355f9d1bac4",
            "content_sha1": "849737f1562c12302fc1346957abba873d727948",
            "content_sha256": "e85d5be2e5b45c97614528bd85e2120ff65817b4bdac71302c3c3e9adba4fc04",
            "content_sha512": "7b98a2c0206a6a2c9d954e42b3c54c29b7b2e761a33b283438edba07c2d134125d88f76344b55efa0328245182ed2d66feabb272981b6d773ed6ccfb288ec8b0",
            "directory_permission": "0777",
            "file_permission": "0777",
            "filename": "./dir2/file2.txt",
            "id": "849737f1562c12302fc1346957abba873d727948",
            "sensitive_content": null,
            "source": null
          },
          "sensitive_attributes": []
        }
      ]
    },
    {
      "mode": "managed",
      "type": "local_file",
      "name": "file3",
      "provider": "provider[\"registry.terraform.io/hashicorp/local\"]",
      "instances": [
        {
          "schema_version": 0,
          "attributes": {
            "content": "This is the content of the file 3",
            "content_base64": null,
            "content_base64sha256": "vTLH+ywJ9T3EH84NxVWLKeJRCIJGvJNGyF10B79Xn60=",
            "content_base64sha512": "6BlriJJtorV8+AISbBTaw9H4icRaEBOriPZCkZwidUBoofRPsz6ixDp7ETnt33AJFJXpRCQDxRrmFSpTTvJwig==",
            "content_md5": "919c1bbf3da0a0d00e799871dc159653",
            "content_sha1": "7e79c867f1abfaa1d77714ab0038cb4061596054",
            "content_sha256": "bd32c7fb2c09f53dc41fce0dc5558b29e251088246bc9346c85d7407bf579fad",
            "content_sha512": "e8196b88926da2b57cf802126c14dac3d1f889c45a1013ab88f642919c22754068a1f44fb33ea2c43a7b1139eddf70091495e9442403c51ae6152a534ef2708a",
            "directory_permission": "0777",
            "file_permission": "0777",
            "filename": "./dir3/file3.txt",
            "id": "7e79c867f1abfaa1d77714ab0038cb4061596054",
            "sensitive_content": null,
            "source": null
          },
          "sensitive_attributes": []
        }
      ]
    }
  ],
  "check_results": null
}
