{
  "version": 4,
  "terraform_version": "1.7.0",
  "serial": 133,
  "lineage": "4d706102-c23e-267c-8c6d-3a2aec0e37a8",
  "outputs": {
    "current_user_nickname": {
      "value": "joban",
      "type": "string"
    },
    "current_user_password": {
      "value": "fvhC!n6\u003e)3wiq*yP",
      "type": "string",
      "sensitive": true
    },
    "current_user_set_password": {
      "value": {
        "chandan": false,
        "harman": true,
        "inder": true,
        "joban": false,
        "pallvi": true
      },
      "type": [
        "map",
        "bool"
      ]
    },
    "path_of_file1": {
      "value": "dir1/file1.txt",
      "type": "string"
    },
    "path_of_file2": {
      "value": "dir2/file2.txt",
      "type": "string"
    },
    "path_of_file3": {
      "value": "dir3/file3.txt",
      "type": "string"
    },
    "user_LPA_map": {
      "value": {
        "user1": 12,
        "user2": 34,
        "user3": 4
      },
      "type": [
        "map",
        "number"
      ]
    },
    "user_address_list": {
      "value": [
        "chandigarh",
        "delhi",
        "punjab",
        "ludhiana",
        "birampur"
      ],
      "type": [
        "list",
        "string"
      ]
    },
    "user_address_map": {
      "value": {
        "user1": "a",
        "user2": "b",
        "user3": "c"
      },
      "type": [
        "map",
        "string"
      ]
    },
    "user_designation_map": {
      "value": {
        "user1": "a",
        "user2": "b",
        "user3": "c"
      },
      "type": [
        "map",
        "string"
      ]
    },
    "user_id": {
      "value": "9fbff7e4224e4866",
      "type": "string"
    },
    "user_names_list": {
      "value": [
        "joban",
        "inder",
        "harman",
        "chandan",
        "pallvi"
      ],
      "type": [
        "list",
        "string"
      ]
    },
    "user_object": {
      "value": [
        {
          "LPA": 5,
          "address": "Punjab",
          "name": "Joban",
          "password": "true"
        },
        {
          "LPA": 4,
          "address": "Punjab",
          "name": "inder",
          "password": "true"
        },
        {
          "LPA": 6,
          "address": "delhi",
          "name": "harman",
          "password": "true"
        },
        {
          "LPA": 7,
          "address": "Punjab",
          "name": "chandan",
          "password": "true"
        }
      ],
      "type": [
        "list",
        [
          "object",
          {
            "LPA": "number",
            "address": "string",
            "name": "string",
            "password": "string"
          }
        ]
      ]
    },
    "user_set_password_map": {
      "value": {
        "chandan": false,
        "harman": true,
        "inder": true,
        "joban": false,
        "pallvi": true
      },
      "type": [
        "map",
        "bool"
      ]
    },
    "user_verified_map": {
      "value": {
        "chandan": false,
        "harman": true,
        "inder": true,
        "joban": false,
        "pallvi": true
      },
      "type": [
        "map",
        "bool"
      ]
    }
  },
  "resources": [
    {
      "mode": "managed",
      "type": "local_file",
      "name": "file1",
      "provider": "provider[\"registry.terraform.io/hashicorp/local\"]",
      "instances": [
        {
          "schema_version": 0,
          "attributes": {
            "content": "This file contains Info about current user\r\ncurrent_user = \"joban\"\r\ncurrent_user_id = \"0\"\r\n\r\n    \r\n\r\n   \r\n\r\n\r\n   \r\n",
            "content_base64": null,
            "content_base64sha256": "v1U3tIBLkHBbsE95KFfFLbFiU04BgRc0WhogzgVto8M=",
            "content_base64sha512": "Wjvaj6P0Js7lmevQBwf9D6ulKV9cQZKDZnFZEiUD6SQuWo52evnZ/u+WtCB5l53HoXBfqcE8WoqCCAQr5CsPlg==",
            "content_md5": "6054e1e4a01143a532f8222c9ac7c6ac",
            "content_sha1": "107ab39cefe7d985ada27025d8bf18a368babf7b",
            "content_sha256": "bf5537b4804b90705bb04f792857c52db162534e018117345a1a20ce056da3c3",
            "content_sha512": "5a3bda8fa3f426cee599ebd00707fd0faba5295f5c419283667159122503e9242e5a8e767af9d9feef96b42079979dc7a1705fa9c13c5a8a8208042be42b0f96",
            "directory_permission": "0777",
            "file_permission": "0777",
            "filename": "./dir1/file1.txt",
            "id": "107ab39cefe7d985ada27025d8bf18a368babf7b",
            "sensitive_content": null,
            "source": null
          },
          "sensitive_attributes": []
        }
      ]
    },
    {
      "mode": "managed",
      "type": "local_file",
      "name": "file2",
      "provider": "provider[\"registry.terraform.io/hashicorp/local\"]",
      "instances": [
        {
          "schema_version": 0,
          "attributes": {
            "content": "This file contains Info about all the users\r\nList of all the users: joban, inder, harman, chandan, pallvi\r\nList of all the users addresses: chandigarh, delhi, punjab, ludhiana, birampur\r\n    \r\nContent of user_object_list\r\nID: 9fbff7e4224e4866, Name: Joban, LPA: 5, Address: Punjab, Password: fvhC!n6\u003e)3wiq*yP\nID: d053061b2793a66d, Name: inder, LPA: 4, Address: Punjab, Password: #8*IIx?Aw-3qONn[\nID: f356eae995bd02d8, Name: harman, LPA: 6, Address: delhi, Password: 7cL\u003cS[[aAbs[u!\u0026k\nID: 826ae379746b5512, Name: chandan, LPA: 7, Address: Punjab, Password: @k#5H0)l\u003c=BEj1te\r\n   \r\n    \r\n\r\n\r\n   \r\n",
            "content_base64": null,
            "content_base64sha256": "wA7g8L6vJ3HTTo3D/x7A+sigAqilte49bmGUPeQ3BrQ=",
            "content_base64sha512": "ySCsYGNGtH8hmUgGYCRwgoNwCEY3079Zo4hd48iq7Hq5CTj3iKUmfFGvjBbaYvTPzm3gnFrnyAqqmRmo7NJ51w==",
            "content_md5": "ce5983efdf696d0684eeb283aa692a46",
            "content_sha1": "2c1c5e43ca1379cbcd4849ae57888037c96d97b0",
            "content_sha256": "c00ee0f0beaf2771d34e8dc3ff1ec0fac8a002a8a5b5ee3d6e61943de43706b4",
            "content_sha512": "c920ac606346b47f21994806602470828370084637d3bf59a3885de3c8aaec7ab90938f788a5267c51af8c16da62f4cfce6de09c5ae7c80aaa9919a8ecd279d7",
            "directory_permission": "0777",
            "file_permission": "0777",
            "filename": "./dir2/file2.txt",
            "id": "2c1c5e43ca1379cbcd4849ae57888037c96d97b0",
            "sensitive_content": null,
            "source": null
          },
          "sensitive_attributes": [
            [
              {
                "type": "get_attr",
                "value": "content"
              }
            ]
          ],
          "dependencies": [
            "random_id.user_id_generator",
            "random_password.user_password"
          ]
        }
      ]
    },
    {
      "mode": "managed",
      "type": "local_file",
      "name": "file3",
      "provider": "provider[\"registry.terraform.io/hashicorp/local\"]",
      "instances": [
        {
          "schema_version": 0,
          "attributes": {
            "content": "This file contains Info of the all maps used in the this project\r\n  \r\nmap of user address:\r\nuser1 = a\nuser2 = b\nuser3 = c\r\nmap of user_designation_map:\\n\r\nuser1 = a\nuser2 = b\nuser3 = c\r\nmap of user address:\\n\r\nuser1 = 12\nuser2 = 34\nuser3 = 4\r\nmap of user address:\\n\r\nchandan = false\nharman = true\ninder = true\njoban = false\npallvi = true\r\nmap of user address:\\n\r\nchandan = false\nharman = true\ninder = true\njoban = false\npallvi = true\r\n",
            "content_base64": null,
            "content_base64sha256": "tbrdoWfZO7gkG+23QGmWEZDdmAiVzVisFkXYN64p+DM=",
            "content_base64sha512": "JCLihLsrpHTWPJvOJ9gh5+uSvSnQ8XAn8BhMM/buw6RSHMCDpy9fz1pMUR4wARbyfIAJyMxBJakQuNfHv9SWXg==",
            "content_md5": "c68ceb6672abf6b17a3d64fe25681d94",
            "content_sha1": "6e96448514c5cff654d8fa701f68c85171eb30c1",
            "content_sha256": "b5badda167d93bb8241bedb74069961190dd980895cd58ac1645d837ae29f833",
            "content_sha512": "2422e284bb2ba474d63c9bce27d821e7eb92bd29d0f17027f0184c33f6eec3a4521cc083a72f5fcf5a4c511e300116f27c8009c8cc4125a910b8d7c7bfd4965e",
            "directory_permission": "0777",
            "file_permission": "0777",
            "filename": "./dir3/file3.txt",
            "id": "6e96448514c5cff654d8fa701f68c85171eb30c1",
            "sensitive_content": null,
            "source": null
          },
          "sensitive_attributes": []
        }
      ]
    },
    {
      "mode": "managed",
      "type": "random_id",
      "name": "user_id_generator",
      "provider": "provider[\"registry.terraform.io/hashicorp/random\"]",
      "instances": [
        {
          "index_key": 0,
          "schema_version": 0,
          "attributes": {
            "b64_std": "n7/35CJOSGY=",
            "b64_url": "n7_35CJOSGY",
            "byte_length": 8,
            "dec": "11511191731782436966",
            "hex": "9fbff7e4224e4866",
            "id": "n7_35CJOSGY",
            "keepers": null,
            "prefix": null
          },
          "sensitive_attributes": []
        },
        {
          "index_key": 1,
          "schema_version": 0,
          "attributes": {
            "b64_std": "0FMGGyeTpm0=",
            "b64_url": "0FMGGyeTpm0",
            "byte_length": 8,
            "dec": "15011348696653866605",
            "hex": "d053061b2793a66d",
            "id": "0FMGGyeTpm0",
            "keepers": null,
            "prefix": null
          },
          "sensitive_attributes": []
        },
        {
          "index_key": 2,
          "schema_version": 0,
          "attributes": {
            "b64_std": "81bq6ZW9Atg=",
            "b64_url": "81bq6ZW9Atg",
            "byte_length": 8,
            "dec": "17534460488174076632",
            "hex": "f356eae995bd02d8",
            "id": "81bq6ZW9Atg",
            "keepers": null,
            "prefix": null
          },
          "sensitive_attributes": []
        },
        {
          "index_key": 3,
          "schema_version": 0,
          "attributes": {
            "b64_std": "gmrjeXRrVRI=",
            "b64_url": "gmrjeXRrVRI",
            "byte_length": 8,
            "dec": "9397573683245700370",
            "hex": "826ae379746b5512",
            "id": "gmrjeXRrVRI",
            "keepers": null,
            "prefix": null
          },
          "sensitive_attributes": []
        }
      ]
    },
    {
      "mode": "managed",
      "type": "random_password",
      "name": "user_password",
      "provider": "provider[\"registry.terraform.io/hashicorp/random\"]",
      "instances": [
        {
          "index_key": 0,
          "schema_version": 3,
          "attributes": {
            "bcrypt_hash": "$2a$10$6x/Gebd..6k8X2Ol2s304Ovu4h6DWJoIRTN4igo6nRxxoCWUi9kkC",
            "id": "none",
            "keepers": null,
            "length": 16,
            "lower": true,
            "min_lower": 0,
            "min_numeric": 0,
            "min_special": 0,
            "min_upper": 0,
            "number": true,
            "numeric": true,
            "override_special": null,
            "result": "fvhC!n6\u003e)3wiq*yP",
            "special": true,
            "upper": true
          },
          "sensitive_attributes": []
        },
        {
          "index_key": 1,
          "schema_version": 3,
          "attributes": {
            "bcrypt_hash": "$2a$10$buYdpTP.aHMBP03KYQunk.lzw9gEDwZ8ZHcmUyLWgVYhOGh.DjI46",
            "id": "none",
            "keepers": null,
            "length": 16,
            "lower": true,
            "min_lower": 0,
            "min_numeric": 0,
            "min_special": 0,
            "min_upper": 0,
            "number": true,
            "numeric": true,
            "override_special": null,
            "result": "#8*IIx?Aw-3qONn[",
            "special": true,
            "upper": true
          },
          "sensitive_attributes": []
        },
        {
          "index_key": 2,
          "schema_version": 3,
          "attributes": {
            "bcrypt_hash": "$2a$10$IkngRTCJdwmMKPhUiqo27u78L1i4mcTHA8JDs5GNCuuxpIYJGEw.e",
            "id": "none",
            "keepers": null,
            "length": 16,
            "lower": true,
            "min_lower": 0,
            "min_numeric": 0,
            "min_special": 0,
            "min_upper": 0,
            "number": true,
            "numeric": true,
            "override_special": null,
            "result": "7cL\u003cS[[aAbs[u!\u0026k",
            "special": true,
            "upper": true
          },
          "sensitive_attributes": []
        },
        {
          "index_key": 3,
          "schema_version": 3,
          "attributes": {
            "bcrypt_hash": "$2a$10$IJjQQfi9cpMGntI66GK2b.5kd3qj8hCwkAsH5BnCSD19SroAcavai",
            "id": "none",
            "keepers": null,
            "length": 16,
            "lower": true,
            "min_lower": 0,
            "min_numeric": 0,
            "min_special": 0,
            "min_upper": 0,
            "number": true,
            "numeric": true,
            "override_special": null,
            "result": "@k#5H0)l\u003c=BEj1te",
            "special": true,
            "upper": true
          },
          "sensitive_attributes": []
        }
      ]
    }
  ],
  "check_results": null
}
