{
  "version": 4,
  "terraform_version": "1.7.0",
  "serial": 291,
  "lineage": "4d706102-c23e-267c-8c6d-3a2aec0e37a8",
  "outputs": {
    "current_user_nickname": {
      "value": "anonymous",
      "type": "string"
    },
    "current_user_password": {
      "value": "fvhC!n6\u003e)3wiq*yP",
      "type": "string",
      "sensitive": true
    },
    "path_of_file1": {
      "value": "dir1/file1.txt",
      "type": "string"
    },
    "path_of_file2": {
      "value": "dir2/file2.txt",
      "type": "string"
    },
    "path_of_file3": {
      "value": "dir3/file3.txt",
      "type": "string"
    },
    "user_id": {
      "value": "9fbff7e4224e4866",
      "type": "string"
    },
    "user_object": {
      "value": [
        {
          "CTC": 5,
          "address": "Punjab",
          "designation": "trainnee",
          "details": {
            "department": "engineering",
            "role": "admin"
          },
          "manager": "sentinenl",
          "name": "Joban",
          "password": "true",
          "skills": [
            "java",
            "c",
            "c++"
          ],
          "verified": true
        },
        {
          "CTC": 4,
          "address": "Punjab",
          "designation": "trainnee",
          "details": {
            "department": "engineering",
            "role": "admin"
          },
          "manager": "sentinenl",
          "name": "inder",
          "password": "true",
          "skills": [
            "java",
            "c",
            "c++"
          ],
          "verified": true
        },
        {
          "CTC": 6,
          "address": "delhi",
          "designation": "trainnee",
          "details": {
            "department": "engineering",
            "role": "admin"
          },
          "manager": "sentinenl",
          "name": "harman",
          "password": "true",
          "skills": [
            "Python",
            "JavaScript",
            "SQL"
          ],
          "verified": true
        },
        {
          "CTC": 7,
          "address": "Punjab",
          "designation": "trainnee",
          "details": {
            "department": "engineering",
            "role": "admin"
          },
          "manager": "sentinenl",
          "name": "chandan",
          "password": "true",
          "skills": [
            "Docker",
            "Kubernetes",
            "AWS"
          ],
          "verified": true
        }
      ],
      "type": [
        "list",
        [
          "object",
          {
            "CTC": "number",
            "address": "string",
            "designation": "string",
            "details": [
              "map",
              "string"
            ],
            "manager": "string",
            "name": "string",
            "password": "string",
            "skills": [
              "list",
              "string"
            ],
            "verified": "bool"
          }
        ]
      ]
    }
  },
  "resources": [
    {
      "mode": "managed",
      "type": "local_file",
      "name": "file1",
      "provider": "provider[\"registry.terraform.io/hashicorp/local\"]",
      "instances": [
        {
          "schema_version": 0,
          "attributes": {
            "content": "This file contains Info about current user using locals\r\ncurrent_user = \"9fbff7e4224e4866\"\r\ncurrent_user_nickname = \"anonymous\"\r\ncurrent_user_set_password = \"fvhC!n6\u003e)3wiq*yP\r\n",
            "content_base64": null,
            "content_base64sha256": "R7hGhHS10ZCLE7XJvLeoTwnJPXWADu6qqsWnM7ElCJk=",
            "content_base64sha512": "KWc0iFTUzDL/fli57BcobajzUzvdxjATaDIXeizLKmzDwV768znl5f6OveUW7/glf94yA8HiDfxJiB801nxAcA==",
            "content_md5": "86d446079c857ccb11fc6bec6cbff4e6",
            "content_sha1": "1facb5679eb48abdf592ca4eb73dbb6e8331b804",
            "content_sha256": "47b8468474b5d1908b13b5c9bcb7a84f09c93d75800eeeaaaac5a733b1250899",
            "content_sha512": "2967348854d4cc32ff7e58b9ec17286da8f3533bddc630136832177a2ccb2a6cc3c15efaf339e5e5fe8ebde516eff8257fde3203c1e20dfc49881f34d67c4070",
            "directory_permission": "0777",
            "file_permission": "0777",
            "filename": "./dir1/file1.txt",
            "id": "1facb5679eb48abdf592ca4eb73dbb6e8331b804",
            "sensitive_content": null,
            "source": null
          },
          "sensitive_attributes": [
            [
              {
                "type": "get_attr",
                "value": "content"
              }
            ]
          ],
          "dependencies": [
            "random_id.user_id_generator",
            "random_password.user_password"
          ]
        }
      ]
    },
    {
      "mode": "managed",
      "type": "local_file",
      "name": "file2",
      "provider": "provider[\"registry.terraform.io/hashicorp/local\"]",
      "instances": [
        {
          "schema_version": 0,
          "attributes": {
            "content": "This file contains Info about all the users\r\nContent of user_object_list\r\n\nID: CEQ_boar_9fbff7e4224e4866,\nName: Joban,\nLPA: 5,\nAddress: Punjab,\nPassword: fvhC!n6\u003e)3wiq*yP  ,\nVerified: true ,\nManager: sentinenl ,\nDesignation: trainnee \nSkills: java\t, c\t, c++\nDetails:\n  department: engineering\n  role: admin\n\nID: CEQ_pug_d053061b2793a66d,\nName: inder,\nLPA: 4,\nAddress: Punjab,\nPassword: #8*IIx?Aw-3qONn[  ,\nVerified: true ,\nManager: sentinenl ,\nDesignation: trainnee \nSkills: java\t, c\t, c++\nDetails:\n  department: engineering\n  role: admin\n\nID: CEQ_collie_f356eae995bd02d8,\nName: harman,\nLPA: 6,\nAddress: delhi,\nPassword: 7cL\u003cS[[aAbs[u!\u0026k  ,\nVerified: true ,\nManager: sentinenl ,\nDesignation: trainnee \nSkills: Python\t, JavaScript\t, SQL\nDetails:\n  department: engineering\n  role: admin\n\nID: CEQ_foal_826ae379746b5512,\nName: chandan,\nLPA: 7,\nAddress: Punjab,\nPassword: @k#5H0)l\u003c=BEj1te  ,\nVerified: true ,\nManager: sentinenl ,\nDesignation: trainnee \nSkills: Docker\t, Kubernetes\t, AWS\nDetails:\n  department: engineering\n  role: admin\r\n\r\n",
            "content_base64": null,
            "content_base64sha256": "yWqwJr55AFb6QAkFY9cB4/TqfMBqTe2HvcgFWeI9HaQ=",
            "content_base64sha512": "kskRFaenSq7oyLz0DWGudfcJUNDtQVqCInDKs26BF09Gi8hZ7cy1h8sTGJi97N9wYqFvkupazd3k7h7IFXXsRQ==",
            "content_md5": "daf59188ff1902c0b9de7fea14690c38",
            "content_sha1": "02fb4143b09a3b56197194ddd8bd33da8617cd45",
            "content_sha256": "c96ab026be790056fa40090563d701e3f4ea7cc06a4ded87bdc80559e23d1da4",
            "content_sha512": "92c91115a7a74aaee8c8bcf40d61ae75f70950d0ed415a822270cab36e81174f468bc859edccb587cb131898bdecdf7062a16f92ea5acddde4ee1ec81575ec45",
            "directory_permission": "0777",
            "file_permission": "0777",
            "filename": "./dir2/file2.txt",
            "id": "02fb4143b09a3b56197194ddd8bd33da8617cd45",
            "sensitive_content": null,
            "source": null
          },
          "sensitive_attributes": [
            [
              {
                "type": "get_attr",
                "value": "content"
              }
            ]
          ],
          "dependencies": [
            "random_id.user_id_generator",
            "random_password.user_password",
            "random_pet.CEQ_id_generator"
          ]
        }
      ]
    },
    {
      "mode": "managed",
      "type": "local_file",
      "name": "file3",
      "provider": "provider[\"registry.terraform.io/hashicorp/local\"]",
      "instances": [
        {
          "schema_version": 0,
          "attributes": {
            "content": "User Details for Joban:\r\nName: Joban\r\nCTC: 5\r\nNickName: CEQ-dassie\r\nAddress: Punjab\r\nPassword: true\r\nVerified: true\r\nDesignation: trainnee\r\nSkills: java, c, c++\r\nDetails:\r\n  department: engineering\n\nrole: admin\n\r\n\n\nUser Details for inder:\r\nName: inder\r\nCTC: 4\r\nNickName: CEQ-bullfrog\r\nAddress: Punjab\r\nPassword: true\r\nVerified: true\r\nDesignation: trainnee\r\nSkills: java, c, c++\r\nDetails:\r\n  department: engineering\n\nrole: admin\n\r\n\n\nUser Details for harman:\r\nName: harman\r\nCTC: 6\r\nNickName: CEQ-titmouse\r\nAddress: delhi\r\nPassword: true\r\nVerified: true\r\nDesignation: trainnee\r\nSkills: Python, JavaScript, SQL\r\nDetails:\r\n  department: engineering\n\nrole: admin\n\r\n\n\nUser Details for chandan:\r\nName: chandan\r\nCTC: 7\r\nNickName: CEQ-titmouse\r\nAddress: Punjab\r\nPassword: true\r\nVerified: true\r\nDesignation: trainnee\r\nSkills: Docker, Kubernetes, AWS\r\nDetails:\r\n  department: engineering\n\nrole: admin\n\r\n",
            "content_base64": null,
            "content_base64sha256": "D0WrJT6hAiXPtN6L01hEfDKXsW30k1fptCMhvt34O9c=",
            "content_base64sha512": "CFjluRIUK31SbkdYw6I6VqwHQhAYmvF6EAtvgZowyvfBBGZbVKuSeD97ZZxfLUV9raCXODy6Ry5CQhn+o/3+8w==",
            "content_md5": "fd4f27f9c767d6bdef7234fa3db197ee",
            "content_sha1": "b29085b9e72cea27cb3edf3c434e152e556ee15c",
            "content_sha256": "0f45ab253ea10225cfb4de8bd358447c3297b16df49357e9b42321beddf83bd7",
            "content_sha512": "0858e5b912142b7d526e4758c3a23a56ac074210189af17a100b6f819a30caf7c104665b54ab92783f7b659c5f2d457dada097383cba472e424219fea3fdfef3",
            "directory_permission": "0777",
            "file_permission": "0777",
            "filename": "./dir3/file3.txt",
            "id": "b29085b9e72cea27cb3edf3c434e152e556ee15c",
            "sensitive_content": null,
            "source": null
          },
          "sensitive_attributes": [],
          "dependencies": [
            "random_pet.nickname_generator"
          ]
        }
      ]
    },
    {
      "mode": "managed",
      "type": "random_id",
      "name": "user_id_generator",
      "provider": "provider[\"registry.terraform.io/hashicorp/random\"]",
      "instances": [
        {
          "index_key": 0,
          "schema_version": 0,
          "attributes": {
            "b64_std": "n7/35CJOSGY=",
            "b64_url": "n7_35CJOSGY",
            "byte_length": 8,
            "dec": "11511191731782436966",
            "hex": "9fbff7e4224e4866",
            "id": "n7_35CJOSGY",
            "keepers": null,
            "prefix": null
          },
          "sensitive_attributes": []
        },
        {
          "index_key": 1,
          "schema_version": 0,
          "attributes": {
            "b64_std": "0FMGGyeTpm0=",
            "b64_url": "0FMGGyeTpm0",
            "byte_length": 8,
            "dec": "15011348696653866605",
            "hex": "d053061b2793a66d",
            "id": "0FMGGyeTpm0",
            "keepers": null,
            "prefix": null
          },
          "sensitive_attributes": []
        },
        {
          "index_key": 2,
          "schema_version": 0,
          "attributes": {
            "b64_std": "81bq6ZW9Atg=",
            "b64_url": "81bq6ZW9Atg",
            "byte_length": 8,
            "dec": "17534460488174076632",
            "hex": "f356eae995bd02d8",
            "id": "81bq6ZW9Atg",
            "keepers": null,
            "prefix": null
          },
          "sensitive_attributes": []
        },
        {
          "index_key": 3,
          "schema_version": 0,
          "attributes": {
            "b64_std": "gmrjeXRrVRI=",
            "b64_url": "gmrjeXRrVRI",
            "byte_length": 8,
            "dec": "9397573683245700370",
            "hex": "826ae379746b5512",
            "id": "gmrjeXRrVRI",
            "keepers": null,
            "prefix": null
          },
          "sensitive_attributes": []
        }
      ]
    },
    {
      "mode": "managed",
      "type": "random_password",
      "name": "user_password",
      "provider": "provider[\"registry.terraform.io/hashicorp/random\"]",
      "instances": [
        {
          "index_key": 0,
          "schema_version": 3,
          "attributes": {
            "bcrypt_hash": "$2a$10$6x/Gebd..6k8X2Ol2s304Ovu4h6DWJoIRTN4igo6nRxxoCWUi9kkC",
            "id": "none",
            "keepers": null,
            "length": 16,
            "lower": true,
            "min_lower": 0,
            "min_numeric": 0,
            "min_special": 0,
            "min_upper": 0,
            "number": true,
            "numeric": true,
            "override_special": null,
            "result": "fvhC!n6\u003e)3wiq*yP",
            "special": true,
            "upper": true
          },
          "sensitive_attributes": []
        },
        {
          "index_key": 1,
          "schema_version": 3,
          "attributes": {
            "bcrypt_hash": "$2a$10$buYdpTP.aHMBP03KYQunk.lzw9gEDwZ8ZHcmUyLWgVYhOGh.DjI46",
            "id": "none",
            "keepers": null,
            "length": 16,
            "lower": true,
            "min_lower": 0,
            "min_numeric": 0,
            "min_special": 0,
            "min_upper": 0,
            "number": true,
            "numeric": true,
            "override_special": null,
            "result": "#8*IIx?Aw-3qONn[",
            "special": true,
            "upper": true
          },
          "sensitive_attributes": []
        },
        {
          "index_key": 2,
          "schema_version": 3,
          "attributes": {
            "bcrypt_hash": "$2a$10$IkngRTCJdwmMKPhUiqo27u78L1i4mcTHA8JDs5GNCuuxpIYJGEw.e",
            "id": "none",
            "keepers": null,
            "length": 16,
            "lower": true,
            "min_lower": 0,
            "min_numeric": 0,
            "min_special": 0,
            "min_upper": 0,
            "number": true,
            "numeric": true,
            "override_special": null,
            "result": "7cL\u003cS[[aAbs[u!\u0026k",
            "special": true,
            "upper": true
          },
          "sensitive_attributes": []
        },
        {
          "index_key": 3,
          "schema_version": 3,
          "attributes": {
            "bcrypt_hash": "$2a$10$IJjQQfi9cpMGntI66GK2b.5kd3qj8hCwkAsH5BnCSD19SroAcavai",
            "id": "none",
            "keepers": null,
            "length": 16,
            "lower": true,
            "min_lower": 0,
            "min_numeric": 0,
            "min_special": 0,
            "min_upper": 0,
            "number": true,
            "numeric": true,
            "override_special": null,
            "result": "@k#5H0)l\u003c=BEj1te",
            "special": true,
            "upper": true
          },
          "sensitive_attributes": []
        }
      ]
    },
    {
      "mode": "managed",
      "type": "random_pet",
      "name": "CEQ_id_generator",
      "provider": "provider[\"registry.terraform.io/hashicorp/random\"]",
      "instances": [
        {
          "index_key": 0,
          "schema_version": 0,
          "attributes": {
            "id": "CEQ_boar",
            "keepers": null,
            "length": 1,
            "prefix": "CEQ",
            "separator": "_"
          },
          "sensitive_attributes": []
        },
        {
          "index_key": 1,
          "schema_version": 0,
          "attributes": {
            "id": "CEQ_pug",
            "keepers": null,
            "length": 1,
            "prefix": "CEQ",
            "separator": "_"
          },
          "sensitive_attributes": []
        },
        {
          "index_key": 2,
          "schema_version": 0,
          "attributes": {
            "id": "CEQ_collie",
            "keepers": null,
            "length": 1,
            "prefix": "CEQ",
            "separator": "_"
          },
          "sensitive_attributes": []
        },
        {
          "index_key": 3,
          "schema_version": 0,
          "attributes": {
            "id": "CEQ_foal",
            "keepers": null,
            "length": 1,
            "prefix": "CEQ",
            "separator": "_"
          },
          "sensitive_attributes": []
        }
      ]
    },
    {
      "mode": "managed",
      "type": "random_pet",
      "name": "nickname_generator",
      "provider": "provider[\"registry.terraform.io/hashicorp/random\"]",
      "instances": [
        {
          "index_key": 0,
          "schema_version": 0,
          "attributes": {
            "id": "CEQ-dassie",
            "keepers": null,
            "length": 1,
            "prefix": "CEQ",
            "separator": "-"
          },
          "sensitive_attributes": []
        },
        {
          "index_key": 1,
          "schema_version": 0,
          "attributes": {
            "id": "CEQ-bullfrog",
            "keepers": null,
            "length": 1,
            "prefix": "CEQ",
            "separator": "-"
          },
          "sensitive_attributes": []
        },
        {
          "index_key": 2,
          "schema_version": 0,
          "attributes": {
            "id": "CEQ-titmouse",
            "keepers": null,
            "length": 1,
            "prefix": "CEQ",
            "separator": "-"
          },
          "sensitive_attributes": []
        },
        {
          "index_key": 3,
          "schema_version": 0,
          "attributes": {
            "id": "CEQ-titmouse",
            "keepers": null,
            "length": 1,
            "prefix": "CEQ",
            "separator": "-"
          },
          "sensitive_attributes": []
        }
      ]
    }
  ],
  "check_results": null
}
