{
  "version": 4,
  "terraform_version": "1.7.0",
  "serial": 79,
  "lineage": "4d706102-c23e-267c-8c6d-3a2aec0e37a8",
  "outputs": {
    "current_user": {
      "value": "karandeep",
      "type": "string"
    },
    "user_LPA_map": {
      "value": {
        "harman": 5,
        "inder": 3,
        "joban": 12
      },
      "type": [
        "map",
        "number"
      ]
    },
    "user_address_list": {
      "value": [
        "chandigarh",
        "delhi",
        "punjab"
      ],
      "type": [
        "list",
        "string"
      ]
    },
    "user_adress_map": {
      "value": {
        "harman": "punjab",
        "inder": "delhi",
        "joban": "chandigarh"
      },
      "type": [
        "map",
        "string"
      ]
    },
    "user_designation_map": {
      "value": {
        "harman": "punjab",
        "inder": "delhi",
        "joban": "chandigarh"
      },
      "type": [
        "map",
        "string"
      ]
    },
    "user_id": {
      "value": "9fbff7e4224e4866",
      "type": "string"
    },
    "user_name_list": {
      "value": [
        "joban",
        "inder",
        "harman",
        "joban",
        "inder",
        "harman",
        "joban",
        "inder",
        "harman",
        "joban",
        "inder",
        "harman"
      ],
      "type": [
        "list",
        "string"
      ]
    },
    "user_set_password_map": {
      "value": {
        "harman": true,
        "inder": true,
        "joban": false
      },
      "type": [
        "map",
        "bool"
      ]
    },
    "user_verified_map": {
      "value": {
        "harman": true,
        "inder": true,
        "joban": false
      },
      "type": [
        "map",
        "bool"
      ]
    }
  },
  "resources": [
    {
      "mode": "managed",
      "type": "local_file",
      "name": "file1",
      "provider": "provider[\"registry.terraform.io/hashicorp/local\"]",
      "instances": [
        {
          "schema_version": 0,
          "attributes": {
            "content": "Content for File 2\r\ncurrent_user = \"karandeep\"\r\ncurrent_user_id = \"0\"\r\n\r\nExample List: chandigarh, delhi, punjab\r\nExample List: joban, inder, harman, joban, inder, harman, joban, inder, harman, joban, inder, harman\r\n\r\nExample Map:\r\nharman = true\ninder = true\njoban = false\r\n\r\n\r\n   \r\n",
            "content_base64": null,
            "content_base64sha256": "w2GEOFl/ej0uVuKtYzuxBH3dEpGg9i5vREEDMclCTdU=",
            "content_base64sha512": "sbcGBgMGEdhG2zVE3NhBWvd1nchZQ3HnGhvAyDUACdPv5fS3aLhxvCkbmgV5WuDkmJ8KXFAwnfZ9K+lhJcOm8w==",
            "content_md5": "27827d5d721cd78691c56996d54ad9cd",
            "content_sha1": "1cf2c21a7724f397d4da19901d57e91f84747582",
            "content_sha256": "c3618438597f7a3d2e56e2ad633bb1047ddd1291a0f62e6f44410331c9424dd5",
            "content_sha512": "b1b70606030611d846db3544dcd8415af7759dc8594371e71a1bc0c8350009d3efe5f4b768b871bc291b9a05795ae0e4989f0a5c50309df67d2be96125c3a6f3",
            "directory_permission": "0777",
            "file_permission": "0777",
            "filename": "./dir1/file1.txt",
            "id": "1cf2c21a7724f397d4da19901d57e91f84747582",
            "sensitive_content": null,
            "source": null
          },
          "sensitive_attributes": []
        }
      ]
    },
    {
      "mode": "managed",
      "type": "local_file",
      "name": "file2",
      "provider": "provider[\"registry.terraform.io/hashicorp/local\"]",
      "instances": [
        {
          "schema_version": 0,
          "attributes": {
            "content": "joban",
            "content_base64": null,
            "content_base64sha256": "izmBlHVJm3mBDBbJasBkOGNgiIO4KmZLA9wpsuTY200=",
            "content_base64sha512": "ghRDIo+FuBetCqdVcBsTla6H5TXKY4OKGSj8GP1fxuELU2iyQrWYx1YD8/PVOHLkvEeq/5DVHkuWCFwgBDj9jA==",
            "content_md5": "c2f2a398e611a1f73d996bd0e7910652",
            "content_sha1": "6243cfe6a97542fbf018d04c81ce4595ee0247e3",
            "content_sha256": "8b39819475499b79810c16c96ac0643863608883b82a664b03dc29b2e4d8db4d",
            "content_sha512": "821443228f85b817ad0aa755701b1395ae87e535ca63838a1928fc18fd5fc6e10b5368b242b598c75603f3f3d53872e4bc47aaff90d51e4b96085c200438fd8c",
            "directory_permission": "0777",
            "file_permission": "0777",
            "filename": "./dir2/file2.txt",
            "id": "6243cfe6a97542fbf018d04c81ce4595ee0247e3",
            "sensitive_content": null,
            "source": null
          },
          "sensitive_attributes": []
        }
      ]
    },
    {
      "mode": "managed",
      "type": "local_file",
      "name": "file3",
      "provider": "provider[\"registry.terraform.io/hashicorp/local\"]",
      "instances": [
        {
          "schema_version": 0,
          "attributes": {
            "content": "usernames list: joban, inder, harman, joban, inder, harman, joban, inder, harman, joban, inder, harman\r\nuser address list: chandigarh, delhi, punjab\r\n\r\n \r\n",
            "content_base64": null,
            "content_base64sha256": "jbmVpLZLSzIWVo+W35MgUa5LGNveQPm2Pm5IaEyUpvQ=",
            "content_base64sha512": "HwmeOFkBRmMvar+ckNhpSbAYXUhJHDiYBCVsInBVQKlkoZ4UBGcFZ91fHW697dpnCxYHac+I4c3y0SaGv7d9og==",
            "content_md5": "ad9ec6c3b7211c9e310c18b90886a709",
            "content_sha1": "2407ee4ca25bfd428ae76475b3a8e4a0a72364b6",
            "content_sha256": "8db995a4b64b4b3216568f96df932051ae4b18dbde40f9b63e6e48684c94a6f4",
            "content_sha512": "1f099e38590146632f6abf9c90d86949b0185d48491c389804256c22705540a964a19e1404670567dd5f1d6ebdedda670b160769cf88e1cdf2d12686bfb77da2",
            "directory_permission": "0777",
            "file_permission": "0777",
            "filename": "./dir3/file3.txt",
            "id": "2407ee4ca25bfd428ae76475b3a8e4a0a72364b6",
            "sensitive_content": null,
            "source": null
          },
          "sensitive_attributes": []
        }
      ]
    },
    {
      "mode": "managed",
      "type": "random_id",
      "name": "user_id_generator",
      "provider": "provider[\"registry.terraform.io/hashicorp/random\"]",
      "instances": [
        {
          "schema_version": 0,
          "attributes": {
            "b64_std": "n7/35CJOSGY=",
            "b64_url": "n7_35CJOSGY",
            "byte_length": 8,
            "dec": "11511191731782436966",
            "hex": "9fbff7e4224e4866",
            "id": "n7_35CJOSGY",
            "keepers": null,
            "prefix": null
          },
          "sensitive_attributes": []
        }
      ]
    }
  ],
  "check_results": null
}
