{
  "version": 4,
  "terraform_version": "1.7.0",
  "serial": 13,
  "lineage": "4d706102-c23e-267c-8c6d-3a2aec0e37a8",
  "outputs": {},
  "resources": [
    {
      "mode": "managed",
      "type": "local_file",
      "name": "file1",
      "provider": "provider[\"registry.terraform.io/hashicorp/local\"]",
      "instances": [
        {
          "schema_version": 0,
          "attributes": {
            "content": "The value of number variable =100 ",
            "content_base64": null,
            "content_base64sha256": "hKOC3kZ6Wox3nPxWwKJ4atoKwhfIy6xgJ+lJBAoNqIw=",
            "content_base64sha512": "OispNmvBKCBbhhjfsyakCFC3e/pnbxeYjk9v0q1IyTrZw1i3enOk5WBi2pZh0MuL12B3eMK6jJA7qEWVrhRPfA==",
            "content_md5": "e4e99440cbd2b455989a74167b8aa145",
            "content_sha1": "2432aef124a53112e724081451a2b76ff7c46974",
            "content_sha256": "84a382de467a5a8c779cfc56c0a2786ada0ac217c8cbac6027e949040a0da88c",
            "content_sha512": "3a2b29366bc128205b8618dfb326a40850b77bfa676f17988e4f6fd2ad48c93ad9c358b77a73a4e56062da9661d0cb8bd7607778c2ba8c903ba84595ae144f7c",
            "directory_permission": "0777",
            "file_permission": "0777",
            "filename": "./dir1/file1.txt",
            "id": "2432aef124a53112e724081451a2b76ff7c46974",
            "sensitive_content": null,
            "source": null
          },
          "sensitive_attributes": []
        }
      ]
    },
    {
      "mode": "managed",
      "type": "local_file",
      "name": "file2",
      "provider": "provider[\"registry.terraform.io/hashicorp/local\"]",
      "instances": [
        {
          "schema_version": 0,
          "attributes": {
            "content": "hello joban",
            "content_base64": null,
            "content_base64sha256": "Eemhgf6M4P2k+152RrzkB4CDj/XqRMXskXMQea7KJvA=",
            "content_base64sha512": "wsH97TvVtCcMbpsBF2PKrkqRS8+mgVyhY1jMbaVsJwFGdZSTvdPkeaqAvtxhb8Or1t+QkrgtTrlAy+o/ki+B0A==",
            "content_md5": "1151ce9fc409f0f3ff15dcaeb18381d6",
            "content_sha1": "f3a66b74d1ded71599eacb051e0e2b211396fa72",
            "content_sha256": "11e9a181fe8ce0fda4fb5e7646bce40780838ff5ea44c5ec91731079aeca26f0",
            "content_sha512": "c2c1fded3bd5b4270c6e9b011763caae4a914bcfa6815ca16358cc6da56c270146759493bdd3e479aa80bedc616fc3abd6df9092b82d4eb940cbea3f922f81d0",
            "directory_permission": "0777",
            "file_permission": "0777",
            "filename": "./dir2/file2.txt",
            "id": "f3a66b74d1ded71599eacb051e0e2b211396fa72",
            "sensitive_content": null,
            "source": null
          },
          "sensitive_attributes": []
        }
      ]
    },
    {
      "mode": "managed",
      "type": "local_file",
      "name": "file3",
      "provider": "provider[\"registry.terraform.io/hashicorp/local\"]",
      "instances": [
        {
          "schema_version": 0,
          "attributes": {
            "content": "This is the content of the file 3",
            "content_base64": null,
            "content_base64sha256": "vTLH+ywJ9T3EH84NxVWLKeJRCIJGvJNGyF10B79Xn60=",
            "content_base64sha512": "6BlriJJtorV8+AISbBTaw9H4icRaEBOriPZCkZwidUBoofRPsz6ixDp7ETnt33AJFJXpRCQDxRrmFSpTTvJwig==",
            "content_md5": "919c1bbf3da0a0d00e799871dc159653",
            "content_sha1": "7e79c867f1abfaa1d77714ab0038cb4061596054",
            "content_sha256": "bd32c7fb2c09f53dc41fce0dc5558b29e251088246bc9346c85d7407bf579fad",
            "content_sha512": "e8196b88926da2b57cf802126c14dac3d1f889c45a1013ab88f642919c22754068a1f44fb33ea2c43a7b1139eddf70091495e9442403c51ae6152a534ef2708a",
            "directory_permission": "0777",
            "file_permission": "0777",
            "filename": "./dir3/file3.txt",
            "id": "7e79c867f1abfaa1d77714ab0038cb4061596054",
            "sensitive_content": null,
            "source": null
          },
          "sensitive_attributes": []
        }
      ]
    }
  ],
  "check_results": null
}
