{
  "version": 4,
  "terraform_version": "1.7.0",
  "serial": 87,
  "lineage": "4d706102-c23e-267c-8c6d-3a2aec0e37a8",
  "outputs": {
    "current_user": {
      "value": "joban",
      "type": "string"
    },
    "current_user_set_password": {
      "value": {
        "chandan": false,
        "harman": true,
        "inder": true,
        "joban": false,
        "pallvi": true
      },
      "type": [
        "map",
        "bool"
      ]
    },
    "path_of_file1": {
      "value": "dir1/file1.txt",
      "type": "string"
    },
    "path_of_file2": {
      "value": "dir2/file2.txt",
      "type": "string"
    },
    "path_of_file3": {
      "value": "dir3/file3.txt",
      "type": "string"
    },
    "user_LPA_map": {
      "value": {
        "chandan": 7,
        "harman": 5,
        "inder": 3,
        "joban": 12,
        "pallvi": 6
      },
      "type": [
        "map",
        "number"
      ]
    },
    "user_address_list": {
      "value": [
        "chandigarh",
        "delhi",
        "punjab",
        "ludhiana",
        "birampur"
      ],
      "type": [
        "list",
        "string"
      ]
    },
    "user_address_map": {
      "value": {
        "chandan": "ludhiana",
        "harman": "punjab",
        "inder": "delhi",
        "joban": "chandigarh",
        "pallvi": "birampur"
      },
      "type": [
        "map",
        "string"
      ]
    },
    "user_designation_map": {
      "value": {
        "chandan": "ludhiana",
        "harman": "punjab",
        "inder": "delhi",
        "joban": "chandigarh",
        "pallvi": "birampur"
      },
      "type": [
        "map",
        "string"
      ]
    },
    "user_id": {
      "value": "9fbff7e4224e4866",
      "type": "string"
    },
    "user_names_list": {
      "value": [
        "joban",
        "inder",
        "harman",
        "chandan",
        "pallvi"
      ],
      "type": [
        "list",
        "string"
      ]
    },
    "user_set_password_map": {
      "value": {
        "chandan": false,
        "harman": true,
        "inder": true,
        "joban": false,
        "pallvi": true
      },
      "type": [
        "map",
        "bool"
      ]
    },
    "user_verified_map": {
      "value": {
        "chandan": false,
        "harman": true,
        "inder": true,
        "joban": false,
        "pallvi": true
      },
      "type": [
        "map",
        "bool"
      ]
    }
  },
  "resources": [
    {
      "mode": "managed",
      "type": "local_file",
      "name": "file1",
      "provider": "provider[\"registry.terraform.io/hashicorp/local\"]",
      "instances": [
        {
          "schema_version": 0,
          "attributes": {
            "content": "Content for File 1\r\ncurrent_user = \"joban\"\r\ncurrent_user_id = \"0\"\r\n\r\nExample List: chandigarh, delhi, punjab, ludhiana, birampur\r\nExample List: joban, inder, harman, chandan, pallvi\r\n\r\nExample Map:\r\nchandan = false\nharman = true\ninder = true\njoban = false\npallvi = true\r\n\r\n\r\n   \r\n",
            "content_base64": null,
            "content_base64sha256": "Rl7E1B308Y71FxCOO5N50THVqcBf/DlkFF2W5bYXhbg=",
            "content_base64sha512": "BrGR/xooe+Ob1igG1I9zeQCacAGuS0M3m5P36uKvP28mhoQsh19rzOVX9QhG61Jom/Ro8rcwWrdFnbw9jfa9hg==",
            "content_md5": "43050122ffda522ad6fc1df42bd1c5dc",
            "content_sha1": "5e7dbb8397d562a91c8531d346c4205d9fabe267",
            "content_sha256": "465ec4d41df4f18ef517108e3b9379d131d5a9c05ffc3964145d96e5b61785b8",
            "content_sha512": "06b191ff1a287be39bd62806d48f7379009a7001ae4b43379b93f7eae2af3f6f2686842c875f6bcce557f50846eb52689bf468f2b7305ab7459dbc3d8df6bd86",
            "directory_permission": "0777",
            "file_permission": "0777",
            "filename": "./dir1/file1.txt",
            "id": "5e7dbb8397d562a91c8531d346c4205d9fabe267",
            "sensitive_content": null,
            "source": null
          },
          "sensitive_attributes": []
        }
      ]
    },
    {
      "mode": "managed",
      "type": "local_file",
      "name": "file2",
      "provider": "provider[\"registry.terraform.io/hashicorp/local\"]",
      "instances": [
        {
          "schema_version": 0,
          "attributes": {
            "content": "Content for File 2\r\ncurrent_user = \"joban\"\r\ncurrent_user_id = \"0\"\r\n\r\nExample List: chandigarh, delhi, punjab, ludhiana, birampur\r\nExample List: joban, inder, harman, chandan, pallvi\r\n\r\nExample Map:\r\nchandan = false\nharman = true\ninder = true\njoban = false\npallvi = true\r\n\r\n\r\n   \r\n",
            "content_base64": null,
            "content_base64sha256": "8/p+EePwwzBjnGyHpuPWhWQIAofqfGDpMnL6BDojj7I=",
            "content_base64sha512": "7N4AWDs3y/9A3FFp1+Y3Wnu8TwwR6AZPyWTR3SlimVD0VsMoIbR5XfOtC6mLXLQNfIc8/RwYKgKPHftiEAD1aQ==",
            "content_md5": "fc3abcfc83290f88fd441c49349e28f3",
            "content_sha1": "71f15493a12da63a892e908e89bc1097e0908987",
            "content_sha256": "f3fa7e11e3f0c330639c6c87a6e3d68564080287ea7c60e93272fa043a238fb2",
            "content_sha512": "ecde00583b37cbff40dc5169d7e6375a7bbc4f0c11e8064fc964d1dd29629950f456c32821b4795df3ad0ba98b5cb40d7c873cfd1c182a028f1dfb621000f569",
            "directory_permission": "0777",
            "file_permission": "0777",
            "filename": "./dir2/file2.txt",
            "id": "71f15493a12da63a892e908e89bc1097e0908987",
            "sensitive_content": null,
            "source": null
          },
          "sensitive_attributes": []
        }
      ]
    },
    {
      "mode": "managed",
      "type": "local_file",
      "name": "file3",
      "provider": "provider[\"registry.terraform.io/hashicorp/local\"]",
      "instances": [
        {
          "schema_version": 0,
          "attributes": {
            "content": "Content for File 3\r\ncurrent_user = \"joban\"\r\ncurrent_user_id = \"0\"\r\n\r\nExample List: chandigarh, delhi, punjab, ludhiana, birampur\r\nExample List: joban, inder, harman, chandan, pallvi\r\n\r\nExample Map:\r\nchandan = false\nharman = true\ninder = true\njoban = false\npallvi = true\r\n\r\n\r\n   \r\n",
            "content_base64": null,
            "content_base64sha256": "z8dJ+Wfhn1KB0g9ektwf0IjurrOiBEIsHHdcPvbXzMc=",
            "content_base64sha512": "mhHIRVAKDVLge/Z9VF9kfNFWuZq3tiXpmigyC9jFyzluO7Uccb2Mf3f1N1c5Bjau24XskJwygNGPDOOfOsgtjw==",
            "content_md5": "d84eccb306dc8ccade5fc8b9d3070137",
            "content_sha1": "7c6463d1399c446f937d7eb7ad371636e324965f",
            "content_sha256": "cfc749f967e19f5281d20f5e92dc1fd088eeaeb3a204422c1c775c3ef6d7ccc7",
            "content_sha512": "9a11c845500a0d52e07bf67d545f647cd156b99ab7b625e99a28320bd8c5cb396e3bb51c71bd8c7f77f53757390636aedb85ec909c3280d18f0ce39f3ac82d8f",
            "directory_permission": "0777",
            "file_permission": "0777",
            "filename": "./dir3/file3.txt",
            "id": "7c6463d1399c446f937d7eb7ad371636e324965f",
            "sensitive_content": null,
            "source": null
          },
          "sensitive_attributes": []
        }
      ]
    },
    {
      "mode": "managed",
      "type": "random_id",
      "name": "user_id_generator",
      "provider": "provider[\"registry.terraform.io/hashicorp/random\"]",
      "instances": [
        {
          "schema_version": 0,
          "attributes": {
            "b64_std": "n7/35CJOSGY=",
            "b64_url": "n7_35CJOSGY",
            "byte_length": 8,
            "dec": "11511191731782436966",
            "hex": "9fbff7e4224e4866",
            "id": "n7_35CJOSGY",
            "keepers": null,
            "prefix": null
          },
          "sensitive_attributes": []
        }
      ]
    },
    {
      "mode": "managed",
      "type": "random_password",
      "name": "user_password",
      "provider": "provider[\"registry.terraform.io/hashicorp/random\"]",
      "instances": [
        {
          "schema_version": 3,
          "attributes": {
            "bcrypt_hash": "$2a$10$6x/Gebd..6k8X2Ol2s304Ovu4h6DWJoIRTN4igo6nRxxoCWUi9kkC",
            "id": "none",
            "keepers": null,
            "length": 16,
            "lower": true,
            "min_lower": 0,
            "min_numeric": 0,
            "min_special": 0,
            "min_upper": 0,
            "number": true,
            "numeric": true,
            "override_special": null,
            "result": "fvhC!n6\u003e)3wiq*yP",
            "special": true,
            "upper": true
          },
          "sensitive_attributes": []
        }
      ]
    }
  ],
  "check_results": null
}
